
Microsoft Visual Studio Solution File, Format Version 12.00
# Visual Studio 2012
Project("{FAE04EC0-301F-11D3-BF4B-00C04F79EFBC}") = "SDWxPro.Web", "SDWxPro.Web\SDWxPro.Web.csproj", "{AFBA954A-4583-4C83-B800-B026A00F1AEC}"
EndProject
Project("{FAE04EC0-301F-11D3-BF4B-00C04F79EFBC}") = "SDWxPro.Model", "SDWxPro.Model\SDWxPro.Model.csproj", "{62AAC84E-BFD4-4DC0-9E4E-DAD1A2E30811}"
EndProject
Project("{FAE04EC0-301F-11D3-BF4B-00C04F79EFBC}") = "SDWxPro.Service", "SDWxPro.Service\SDWxPro.Service.csproj", "{04683483-0AA4-45A2-BEA5-358440594327}"
EndProject
Project("{FAE04EC0-301F-11D3-BF4B-00C04F79EFBC}") = "SDWxPro.Tool", "SDWxPro.Tool\SDWxPro.Tool.csproj", "{3EE9DB56-B417-41A6-B9B2-CE8F6DB0EB3E}"
EndProject
Global
	GlobalSection(SolutionConfigurationPlatforms) = preSolution
		Debug|Any CPU = Debug|Any CPU
		Release|Any CPU = Release|Any CPU
	EndGlobalSection
	GlobalSection(ProjectConfigurationPlatforms) = postSolution
		{AFBA954A-4583-4C83-B800-B026A00F1AEC}.Debug|Any CPU.ActiveCfg = Debug|Any CPU
		{AFBA954A-4583-4C83-B800-B026A00F1AEC}.Debug|Any CPU.Build.0 = Debug|Any CPU
		{AFBA954A-4583-4C83-B800-B026A00F1AEC}.Release|Any CPU.ActiveCfg = Release|Any CPU
		{AFBA954A-4583-4C83-B800-B026A00F1AEC}.Release|Any CPU.Build.0 = Release|Any CPU
		{62AAC84E-BFD4-4DC0-9E4E-DAD1A2E30811}.Debug|Any CPU.ActiveCfg = Debug|Any CPU
		{62AAC84E-BFD4-4DC0-9E4E-DAD1A2E30811}.Debug|Any CPU.Build.0 = Debug|Any CPU
		{62AAC84E-BFD4-4DC0-9E4E-DAD1A2E30811}.Release|Any CPU.ActiveCfg = Release|Any CPU
		{62AAC84E-BFD4-4DC0-9E4E-DAD1A2E30811}.Release|Any CPU.Build.0 = Release|Any CPU
		{04683483-0AA4-45A2-BEA5-358440594327}.Debug|Any CPU.ActiveCfg = Debug|Any CPU
		{04683483-0AA4-45A2-BEA5-358440594327}.Debug|Any CPU.Build.0 = Debug|Any CPU
		{04683483-0AA4-45A2-BEA5-358440594327}.Release|Any CPU.ActiveCfg = Release|Any CPU
		{04683483-0AA4-45A2-BEA5-358440594327}.Release|Any CPU.Build.0 = Release|Any CPU
		{3EE9DB56-B417-41A6-B9B2-CE8F6DB0EB3E}.Debug|Any CPU.ActiveCfg = Debug|Any CPU
		{3EE9DB56-B417-41A6-B9B2-CE8F6DB0EB3E}.Debug|Any CPU.Build.0 = Debug|Any CPU
		{3EE9DB56-B417-41A6-B9B2-CE8F6DB0EB3E}.Release|Any CPU.ActiveCfg = Release|Any CPU
		{3EE9DB56-B417-41A6-B9B2-CE8F6DB0EB3E}.Release|Any CPU.Build.0 = Release|Any CPU
	EndGlobalSection
	GlobalSection(SolutionProperties) = preSolution
		HideSolutionNode = FALSE
	EndGlobalSection
EndGlobal
